releases:
- name: uaa
  sha1: 991f8aca30ed1bada8a7a1a3582d0dea1ef8017e
  version: 74.16.0
  remote_source: bosh.io
  remote_path: https://bosh.io/d/github.com/cloudfoundry/uaa-release?v=74.16.0
- name: uaac
  sha1: somesha
  version: 74.17.22
  remote_source: compiled-releases
  remote_path: 2.10/uaa/uaa-74.17.22-ubuntu-xenial-621.64.tgz
- name: uaab
  sha1: somesha
  version: 74.17.0
  remote_source: final-pcf-bosh-releases
  remote_path: uaa/uaa-74.17.0.tgz
stemcell_criteria:
  os: ubuntu-xenial
  version: "621.64"
